[[package]]
name = "aiohttp"
version = "3.8.1"
description = "Async http client/server framework (asyncio)"
category = "main"
optional = false
python-versions = ">=3.6"

[package.dependencies]
aiosignal = ">=1.1.2"
async-timeout = ">=4.0.0a3,<5.0"
attrs = ">=17.3.0"
charset-normalizer = ">=2.0,<3.0"
frozenlist = ">=1.1.1"
multidict = ">=4.5,<7.0"
yarl = ">=1.0,<2.0"

[package.extras]
speedups = ["aiodns", "brotli", "cchardet"]

[[package]]
name = "aioitertools"
version = "0.10.0"
description = "itertools and builtins for AsyncIO and mixed iterables"
category = "main"
optional = false
python-versions = ">=3.6"

[[package]]
name = "aiosignal"
version = "1.2.0"
description = "aiosignal: a list of registered asynchronous callbacks"
category = "main"
optional = false
python-versions = ">=3.6"

[package.dependencies]
frozenlist = ">=1.1.0"

[[package]]
name = "appnope"
version = "0.1.3"
description = "Disable App Nap on macOS >= 10.9"
category = "dev"
optional = false
python-versions = "*"

[[package]]
name = "async-timeout"
version = "4.0.2"
description = "Timeout context manager for asyncio programs"
category = "main"
optional = false
python-versions = ">=3.6"

[[package]]
name = "attrs"
version = "22.1.0"
description = "Classes Without Boilerplate"
category = "main"
optional = false
python-versions = ">=3.5"

[package.extras]
dev = ["cloudpickle", "coverage[toml] (>=5.0.2)", "furo", "hypothesis", "mypy (>=0.900,!=0.940)", "pre-commit", "pympler", "pytest (>=4.3.0)", "pytest-mypy-plugins", "sphinx", "sphinx-notfound-page", "zope.interface"]
docs = ["furo", "sphinx", "sphinx-notfound-page", "zope.interface"]
tests = ["cloudpickle", "coverage[toml] (>=5.0.2)", "hypothesis", "mypy (>=0.900,!=0.940)", "pympler", "pytest (>=4.3.0)", "pytest-mypy-plugins", "zope.interface"]
tests_no_zope = ["cloudpickle", "coverage[toml] (>=5.0.2)", "hypothesis", "mypy (>=0.900,!=0.940)", "pympler", "pytest (>=4.3.0)", "pytest-mypy-plugins"]

[[package]]
name = "backcall"
version = "0.2.0"
description = "Specifications for callback functions passed in to an API"
category = "dev"
optional = false
python-versions = "*"

[[package]]
name = "charset-normalizer"
version = "2.1.1"
description = "The Real First Universal Charset Detector. Open, modern and actively maintained alternative to Chardet."
category = "main"
optional = false
python-versions = ">=3.6.0"

[package.extras]
unicode_backport = ["unicodedata2"]

[[package]]
name = "colorama"
version = "0.4.5"
description = "Cross-platform colored terminal text."
category = "dev"
optional = false
python-versions = ">=2.7, !=3.0.*, !=3.1.*, !=3.2.*, !=3.3.*, !=3.4.*"

[[package]]
name = "dblpy"
version = "0.4.0"
description = "A simple API wrapper for top.gg written in Python."
category = "main"
optional = false
python-versions = ">= 3.5.3"

[package.dependencies]
aiohttp = "*"
"discord.py" = "*"
ratelimiter = "*"

[[package]]
name = "decorator"
version = "5.1.1"
description = "Decorators for Humans"
category = "dev"
optional = false
python-versions = ">=3.5"

[[package]]
name = "discord.py"
version = "2.0.0"
description = "A Python wrapper for the Discord API"
category = "main"
optional = false
python-versions = ">=3.8.0"

[package.dependencies]
aiohttp = ">=3.7.4,<4"

[package.extras]
docs = ["sphinx (==4.4.0)", "sphinxcontrib-trio (==1.1.2)", "sphinxcontrib-websupport", "typing-extensions (>=4.3,<5)"]
speed = ["aiodns (>=1.1)", "brotli", "cchardet", "orjson (>=3.5.4)"]
test = ["coverage", "pytest", "pytest-asyncio", "pytest-cov", "pytest-mock", "typing-extensions (>=4.3,<5)"]
voice = ["PyNaCl (>=1.3.0,<1.6)"]

[[package]]
name = "dnspython"
version = "2.2.1"
description = "DNS toolkit"
category = "main"
optional = false
python-versions = ">=3.6,<4.0"

[package.extras]
curio = ["curio (>=1.2,<2.0)", "sniffio (>=1.1,<2.0)"]
dnssec = ["cryptography (>=2.6,<37.0)"]
doh = ["h2 (>=4.1.0)", "httpx (>=0.21.1)", "requests (>=2.23.0,<3.0.0)", "requests-toolbelt (>=0.9.1,<0.10.0)"]
idna = ["idna (>=2.1,<4.0)"]
trio = ["trio (>=0.14,<0.20)"]
wmi = ["wmi (>=1.5.1,<2.0.0)"]

[[package]]
name = "emojis"
version = "0.6.0"
description = "Emojis for Python"
category = "main"
optional = false
python-versions = "*"

[[package]]
name = "environs"
version = "9.5.0"
description = "simplified environment variable parsing"
category = "main"
optional = false
python-versions = ">=3.6"

[package.dependencies]
marshmallow = ">=3.0.0"
python-dotenv = "*"

[package.extras]
dev = ["dj-database-url", "dj-email-url", "django-cache-url", "flake8 (==4.0.1)", "flake8-bugbear (==21.9.2)", "mypy (==0.910)", "pre-commit (>=2.4,<3.0)", "pytest", "tox"]
django = ["dj-database-url", "dj-email-url", "django-cache-url"]
lint = ["flake8 (==4.0.1)", "flake8-bugbear (==21.9.2)", "mypy (==0.910)", "pre-commit (>=2.4,<3.0)"]
tests = ["dj-database-url", "dj-email-url", "django-cache-url", "pytest"]

[[package]]
name = "frozenlist"
version = "1.3.1"
description = "A list-like structure which implements collections.abc.MutableSequence"
category = "main"
optional = false
python-versions = ">=3.7"

[[package]]
name = "idna"
version = "3.3"
description = "Internationalized Domain Names in Applications (IDNA)"
category = "main"
optional = false
python-versions = ">=3.5"

[[package]]
name = "ipython"
version = "7.13.0"
description = "IPython: Productive Interactive Computing"
category = "dev"
optional = false
python-versions = ">=3.6"

[package.dependencies]
appnope = {version = "*", markers = "sys_platform == \"darwin\""}
backcall = "*"
colorama = {version = "*", markers = "sys_platform == \"win32\""}
decorator = "*"
jedi = ">=0.10"
pexpect = {version = "*", markers = "sys_platform != \"win32\""}
pickleshare = "*"
prompt-toolkit = ">=2.0.0,<3.0.0 || >3.0.0,<3.0.1 || >3.0.1,<3.1.0"
pygments = "*"
traitlets = ">=4.2"

[package.extras]
all = ["Sphinx (>=1.3)", "ipykernel", "ipyparallel", "ipywidgets", "nbconvert", "nbformat", "nose (>=0.10.1)", "notebook", "numpy (>=1.14)", "pygments", "qtconsole", "requests", "testpath"]
doc = ["Sphinx (>=1.3)"]
kernel = ["ipykernel"]
nbconvert = ["nbconvert"]
nbformat = ["nbformat"]
notebook = ["ipywidgets", "notebook"]
parallel = ["ipyparallel"]
qtconsole = ["qtconsole"]
test = ["ipykernel", "nbformat", "nose (>=0.10.1)", "numpy (>=1.14)", "pygments", "requests", "testpath"]

[[package]]
name = "jedi"
version = "0.18.1"
description = "An autocompletion tool for Python that can be used for text editors."
category = "dev"
optional = false
python-versions = ">=3.6"

[package.dependencies]
parso = ">=0.8.0,<0.9.0"

[package.extras]
qa = ["flake8 (==3.8.3)", "mypy (==0.782)"]
testing = ["Django (<3.1)", "colorama", "docopt", "pytest (<7.0.0)"]

[[package]]
name = "marshmallow"
version = "3.17.1"
description = "A lightweight library for converting complex datatypes to and from native Python datatypes."
category = "main"
optional = false
python-versions = ">=3.7"

[package.dependencies]
packaging = ">=17.0"

[package.extras]
dev = ["flake8 (==5.0.4)", "flake8-bugbear (==22.8.22)", "mypy (==0.971)", "pre-commit (>=2.4,<3.0)", "pytest", "pytz", "simplejson", "tox"]
docs = ["alabaster (==0.7.12)", "autodocsumm (==0.2.9)", "sphinx (==5.1.1)", "sphinx-issues (==3.0.1)", "sphinx-version-warning (==1.1.2)"]
lint = ["flake8 (==5.0.4)", "flake8-bugbear (==22.8.22)", "mypy (==0.971)", "pre-commit (>=2.4,<3.0)"]
tests = ["pytest", "pytz", "simplejson"]

[[package]]
name = "motor"
version = "3.0.0"
description = "Non-blocking MongoDB driver for Tornado or asyncio"
category = "main"
optional = false
python-versions = ">=3.7"

[package.dependencies]
pymongo = ">=4.1,<5"

[package.extras]
aws = ["pymongo[aws] (>=4.1,<5)"]
encryption = ["pymongo[encryption] (>=4.1,<5)"]
gssapi = ["pymongo[gssapi] (>=4.1,<5)"]
ocsp = ["pymongo[ocsp] (>=4.1,<5)"]
snappy = ["pymongo[snappy] (>=4.1,<5)"]
srv = ["pymongo[srv] (>=4.1,<5)"]
zstd = ["pymongo[zstd] (>=4.1,<5)"]

[[package]]
name = "multidict"
version = "6.0.2"
description = "multidict implementation"
category = "main"
optional = false
python-versions = ">=3.7"

[[package]]
name = "nest-asyncio"
version = "1.5.5"
description = "Patch asyncio to allow nested event loops"
category = "main"
optional = false
python-versions = ">=3.5"

[[package]]
name = "packaging"
version = "21.3"
description = "Core utilities for Python packages"
category = "main"
optional = false
python-versions = ">=3.6"

[package.dependencies]
pyparsing = ">=2.0.2,<3.0.5 || >3.0.5"

[[package]]
name = "parso"
version = "0.8.3"
description = "A Python Parser"
category = "dev"
optional = false
python-versions = ">=3.6"

[package.extras]
qa = ["flake8 (==3.8.3)", "mypy (==0.782)"]
testing = ["docopt", "pytest (<6.0.0)"]

[[package]]
name = "pexpect"
version = "4.8.0"
description = "Pexpect allows easy control of interactive console applications."
category = "dev"
optional = false
python-versions = "*"

[package.dependencies]
ptyprocess = ">=0.5"

[[package]]
name = "pickleshare"
version = "0.7.5"
description = "Tiny 'shelve'-like database with concurrency support"
category = "dev"
optional = false
python-versions = "*"

[[package]]
name = "prompt-toolkit"
version = "3.0.30"
description = "Library for building powerful interactive command lines in Python"
category = "dev"
optional = false
python-versions = ">=3.6.2"

[package.dependencies]
wcwidth = "*"

[[package]]
name = "ptyprocess"
version = "0.7.0"
description = "Run a subprocess in a pseudo terminal"
category = "dev"
optional = false
python-versions = "*"

[[package]]
name = "pygments"
version = "2.13.0"
description = "Pygments is a syntax highlighting package written in Python."
category = "dev"
optional = false
python-versions = ">=3.6"

[package.extras]
plugins = ["importlib-metadata"]

[[package]]
name = "pymongo"
version = "4.2.0"
description = "Python driver for MongoDB <http://www.mongodb.org>"
category = "main"
optional = false
python-versions = ">=3.7"

[package.extras]
aws = ["pymongo-auth-aws (<2.0.0)"]
encryption = ["pymongocrypt (>=1.3.0,<2.0.0)"]
gssapi = ["pykerberos"]
ocsp = ["certifi", "pyopenssl (>=17.2.0)", "requests (<3.0.0)", "service-identity (>=18.1.0)"]
snappy = ["python-snappy"]
srv = ["dnspython (>=1.16.0,<3.0.0)"]
zstd = ["zstandard"]

[[package]]
name = "pyparsing"
version = "3.0.9"
description = "pyparsing module - Classes and methods to define and execute parsing grammars"
category = "main"
optional = false
python-versions = ">=3.6.8"

[package.extras]
diagrams = ["jinja2", "railroad-diagrams"]

[[package]]
name = "python-dotenv"
version = "0.20.0"
description = "Read key-value pairs from a .env file and set them as environment variables"
category = "main"
optional = false
python-versions = ">=3.5"

[package.extras]
cli = ["click (>=5.0)"]

[[package]]
name = "ratelimiter"
version = "1.2.0.post0"
description = "Simple python rate limiting object"
category = "main"
optional = false
python-versions = "*"

[package.extras]
test = ["pytest (>=3.0)", "pytest-asyncio"]

[[package]]
name = "traitlets"
version = "5.3.0"
description = ""
category = "dev"
optional = false
python-versions = ">=3.7"

[package.extras]
test = ["pre-commit", "pytest"]

[[package]]
name = "wcwidth"
version = "0.2.5"
description = "Measures the displayed width of unicode strings in a terminal"
category = "dev"
optional = false
python-versions = "*"

[[package]]
name = "yarl"
version = "1.8.1"
description = "Yet another URL library"
category = "main"
optional = false
python-versions = ">=3.7"

[package.dependencies]
idna = ">=2.0"
multidict = ">=4.0"

[metadata]
lock-version = "1.1"
python-versions = "^3.10"
content-hash = "18e3b250ea964a7ee801425a31e5eeca0ebee76416d92364f27940d52359284f"

[metadata.files]
aiohttp = [
    {file = "aiohttp-3.8.1-cp310-cp310-macosx_10_9_universal2.whl", hash = "sha256:1ed0b6477896559f17b9eaeb6d38e07f7f9ffe40b9f0f9627ae8b9926ae260a8"},
    {file = "aiohttp-3.8.1-cp310-cp310-macosx_10_9_x86_64.whl", hash = "sha256:7dadf3c307b31e0e61689cbf9e06be7a867c563d5a63ce9dca578f956609abf8"},
    {file = "aiohttp-3.8.1-cp310-cp310-macosx_11_0_arm64.whl", hash = "sha256:a79004bb58748f31ae1cbe9fa891054baaa46fb106c2dc7af9f8e3304dc30316"},
    {file = "aiohttp-3.8.1-cp310-cp310-manylinux_2_17_aarch64.manylinux2014_aarch64.whl", hash = "sha256:12de6add4038df8f72fac606dff775791a60f113a725c960f2bab01d8b8e6b15"},
    {file = "aiohttp-3.8.1-cp310-cp310-manylinux_2_17_ppc64le.manylinux2014_ppc64le.whl", hash = "sha256:6f0d5f33feb5f69ddd57a4a4bd3d56c719a141080b445cbf18f238973c5c9923"},
    {file = "aiohttp-3.8.1-cp310-cp310-manylinux_2_17_s390x.manylinux2014_s390x.whl", hash = "sha256:eaba923151d9deea315be1f3e2b31cc39a6d1d2f682f942905951f4e40200922"},
    {file = "aiohttp-3.8.1-cp310-cp310-manylinux_2_5_i686.manylinux1_i686.manylinux_2_12_i686.manylinux2010_i686.whl", hash = "sha256:099ebd2c37ac74cce10a3527d2b49af80243e2a4fa39e7bce41617fbc35fa3c1"},
    {file = "aiohttp-3.8.1-cp310-cp310-manylinux_2_5_x86_64.manylinux1_x86_64.manylinux_2_12_x86_64.manylinux2010_x86_64.whl", hash = "sha256:2e5d962cf7e1d426aa0e528a7e198658cdc8aa4fe87f781d039ad75dcd52c516"},
    {file = "aiohttp-3.8.1-cp310-cp310-musllinux_1_1_aarch64.whl", hash = "sha256:fa0ffcace9b3aa34d205d8130f7873fcfefcb6a4dd3dd705b0dab69af6712642"},
    {file = "aiohttp-3.8.1-cp310-cp310-musllinux_1_1_i686.whl", hash = "sha256:61bfc23df345d8c9716d03717c2ed5e27374e0fe6f659ea64edcd27b4b044cf7"},
    {file = "aiohttp-3.8.1-cp310-cp310-musllinux_1_1_ppc64le.whl", hash = "sha256:31560d268ff62143e92423ef183680b9829b1b482c011713ae941997921eebc8"},
    {file = "aiohttp-3.8.1-cp310-cp310-musllinux_1_1_s390x.whl", hash = "sha256:01d7bdb774a9acc838e6b8f1d114f45303841b89b95984cbb7d80ea41172a9e3"},
    {file = "aiohttp-3.8.1-cp310-cp310-musllinux_1_1_x86_64.whl", hash = "sha256:97ef77eb6b044134c0b3a96e16abcb05ecce892965a2124c566af0fd60f717e2"},
    {file = "aiohttp-3.8.1-cp310-cp310-win32.whl", hash = "sha256:c2aef4703f1f2ddc6df17519885dbfa3514929149d3ff900b73f45998f2532fa"},
    {file = "aiohttp-3.8.1-cp310-cp310-win_amd64.whl", hash = "sha256:713ac174a629d39b7c6a3aa757b337599798da4c1157114a314e4e391cd28e32"},
    {file = "aiohttp-3.8.1-cp36-cp36m-macosx_10_9_x86_64.whl", hash = "sha256:473d93d4450880fe278696549f2e7aed8cd23708c3c1997981464475f32137db"},
    {file = "aiohttp-3.8.1-cp36-cp36m-manylinux_2_17_aarch64.manylinux2014_aarch64.whl", hash = "sha256:99b5eeae8e019e7aad8af8bb314fb908dd2e028b3cdaad87ec05095394cce632"},
    {file = "aiohttp-3.8.1-cp36-cp36m-manylinux_2_17_ppc64le.manylinux2014_ppc64le.whl", hash = "sha256:3af642b43ce56c24d063325dd2cf20ee012d2b9ba4c3c008755a301aaea720ad"},
    {file = "aiohttp-3.8.1-cp36-cp36m-manylinux_2_17_s390x.manylinux2014_s390x.whl", hash = "sha256:c3630c3ef435c0a7c549ba170a0633a56e92629aeed0e707fec832dee313fb7a"},
    {file = "aiohttp-3.8.1-cp36-cp36m-manylinux_2_5_i686.manylinux1_i686.manylinux_2_12_i686.manylinux2010_i686.whl", hash = "sha256:4a4a4e30bf1edcad13fb0804300557aedd07a92cabc74382fdd0ba6ca2661091"},
    {file = "aiohttp-3.8.1-cp36-cp36m-manylinux_2_5_x86_64.manylinux1_x86_64.manylinux_2_12_x86_64.manylinux2010_x86_64.whl", hash = "sha256:6f8b01295e26c68b3a1b90efb7a89029110d3a4139270b24fda961893216c440"},
    {file = "aiohttp-3.8.1-cp36-cp36m-musllinux_1_1_aarch64.whl", hash = "sha256:a25fa703a527158aaf10dafd956f7d42ac6d30ec80e9a70846253dd13e2f067b"},
    {file = "aiohttp-3.8.1-cp36-cp36m-musllinux_1_1_i686.whl", hash = "sha256:5bfde62d1d2641a1f5173b8c8c2d96ceb4854f54a44c23102e2ccc7e02f003ec"},
    {file = "aiohttp-3.8.1-cp36-cp36m-musllinux_1_1_ppc64le.whl", hash = "sha256:51467000f3647d519272392f484126aa716f747859794ac9924a7aafa86cd411"},
    {file = "aiohttp-3.8.1-cp36-cp36m-musllinux_1_1_s390x.whl", hash = "sha256:03a6d5349c9ee8f79ab3ff3694d6ce1cfc3ced1c9d36200cb8f08ba06bd3b782"},
    {file = "aiohttp-3.8.1-cp36-cp36m-musllinux_1_1_x86_64.whl", hash = "sha256:102e487eeb82afac440581e5d7f8f44560b36cf0bdd11abc51a46c1cd88914d4"},
    {file = "aiohttp-3.8.1-cp36-cp36m-win32.whl", hash = "sha256:4aed991a28ea3ce320dc8ce655875e1e00a11bdd29fe9444dd4f88c30d558602"},
    {file = "aiohttp-3.8.1-cp36-cp36m-win_amd64.whl", hash = "sha256:b0e20cddbd676ab8a64c774fefa0ad787cc506afd844de95da56060348021e96"},
    {file = "aiohttp-3.8.1-cp37-cp37m-macosx_10_9_x86_64.whl", hash = "sha256:37951ad2f4a6df6506750a23f7cbabad24c73c65f23f72e95897bb2cecbae676"},
    {file = "aiohttp-3.8.1-cp37-cp37m-manylinux_2_17_aarch64.manylinux2014_aarch64.whl", hash = "sha256:5c23b1ad869653bc818e972b7a3a79852d0e494e9ab7e1a701a3decc49c20d51"},
    {file = "aiohttp-3.8.1-cp37-cp37m-manylinux_2_17_ppc64le.manylinux2014_ppc64le.whl", hash = "sha256:15b09b06dae900777833fe7fc4b4aa426556ce95847a3e8d7548e2d19e34edb8"},
    {file = "aiohttp-3.8.1-cp37-cp37m-manylinux_2_17_s390x.manylinux2014_s390x.whl", hash = "sha256:477c3ea0ba410b2b56b7efb072c36fa91b1e6fc331761798fa3f28bb224830dd"},
    {file = "aiohttp-3.8.1-cp37-cp37m-manylinux_2_5_i686.manylinux1_i686.manylinux_2_12_i686.manylinux2010_i686.whl", hash = "sha256:2f2f69dca064926e79997f45b2f34e202b320fd3782f17a91941f7eb85502ee2"},
    {file = "aiohttp-3.8.1-cp37-cp37m-manylinux_2_5_x86_64.manylinux1_x86_64.manylinux_2_12_x86_64.manylinux2010_x86_64.whl", hash = "sha256:ef9612483cb35171d51d9173647eed5d0069eaa2ee812793a75373447d487aa4"},
    {file = "aiohttp-3.8.1-cp37-cp37m-musllinux_1_1_aarch64.whl", hash = "sha256:6d69f36d445c45cda7b3b26afef2fc34ef5ac0cdc75584a87ef307ee3c8c6d00"},
    {file = "aiohttp-3.8.1-cp37-cp37m-musllinux_1_1_i686.whl", hash = "sha256:55c3d1072704d27401c92339144d199d9de7b52627f724a949fc7d5fc56d8b93"},
    {file = "aiohttp-3.8.1-cp37-cp37m-musllinux_1_1_ppc64le.whl", hash = "sha256:b9d00268fcb9f66fbcc7cd9fe423741d90c75ee029a1d15c09b22d23253c0a44"},
    {file = "aiohttp-3.8.1-cp37-cp37m-musllinux_1_1_s390x.whl", hash = "sha256:07b05cd3305e8a73112103c834e91cd27ce5b4bd07850c4b4dbd1877d3f45be7"},
    {file = "aiohttp-3.8.1-cp37-cp37m-musllinux_1_1_x86_64.whl", hash = "sha256:c34dc4958b232ef6188c4318cb7b2c2d80521c9a56c52449f8f93ab7bc2a8a1c"},
    {file = "aiohttp-3.8.1-cp37-cp37m-win32.whl", hash = "sha256:d2f9b69293c33aaa53d923032fe227feac867f81682f002ce33ffae978f0a9a9"},
    {file = "aiohttp-3.8.1-cp37-cp37m-win_amd64.whl", hash = "sha256:6ae828d3a003f03ae31915c31fa684b9890ea44c9c989056fea96e3d12a9fa17"},
    {file = "aiohttp-3.8.1-cp38-cp38-macosx_10_9_universal2.whl", hash = "sha256:0c7ebbbde809ff4e970824b2b6cb7e4222be6b95a296e46c03cf050878fc1785"},
    {file = "aiohttp-3.8.1-cp38-cp38-macosx_10_9_x86_64.whl", hash = "sha256:8b7ef7cbd4fec9a1e811a5de813311ed4f7ac7d93e0fda233c9b3e1428f7dd7b"},
    {file = "aiohttp-3.8.1-cp38-cp38-macosx_11_0_arm64.whl", hash = "sha256:c3d6a4d0619e09dcd61021debf7059955c2004fa29f48788a3dfaf9c9901a7cd"},
    {file = "aiohttp-3.8.1-cp38-cp38-manylinux_2_17_aarch64.manylinux2014_aarch64.whl", hash = "sha256:718626a174e7e467f0558954f94af117b7d4695d48eb980146016afa4b580b2e"},
    {file = "aiohttp-3.8.1-cp38-cp38-manylinux_2_17_ppc64le.manylinux2014_ppc64le.whl", hash = "sha256:589c72667a5febd36f1315aa6e5f56dd4aa4862df295cb51c769d16142ddd7cd"},
    {file = "aiohttp-3.8.1-cp38-cp38-manylinux_2_17_s390x.manylinux2014_s390x.whl", hash = "sha256:2ed076098b171573161eb146afcb9129b5ff63308960aeca4b676d9d3c35e700"},
    {file = "aiohttp-3.8.1-cp38-cp38-manylinux_2_5_i686.manylinux1_i686.manylinux_2_12_i686.manylinux2010_i686.whl", hash = "sha256:086f92daf51a032d062ec5f58af5ca6a44d082c35299c96376a41cbb33034675"},
    {file = "aiohttp-3.8.1-cp38-cp38-manylinux_2_5_x86_64.manylinux1_x86_64.manylinux_2_12_x86_64.manylinux2010_x86_64.whl", hash = "sha256:11691cf4dc5b94236ccc609b70fec991234e7ef8d4c02dd0c9668d1e486f5abf"},
    {file = "aiohttp-3.8.1-cp38-cp38-musllinux_1_1_aarch64.whl", hash = "sha256:31d1e1c0dbf19ebccbfd62eff461518dcb1e307b195e93bba60c965a4dcf1ba0"},
    {file = "aiohttp-3.8.1-cp38-cp38-musllinux_1_1_i686.whl", hash = "sha256:11a67c0d562e07067c4e86bffc1553f2cf5b664d6111c894671b2b8712f3aba5"},
    {file = "aiohttp-3.8.1-cp38-cp38-musllinux_1_1_ppc64le.whl", hash = "sha256:bb01ba6b0d3f6c68b89fce7305080145d4877ad3acaed424bae4d4ee75faa950"},
    {file = "aiohttp-3.8.1-cp38-cp38-musllinux_1_1_s390x.whl", hash = "sha256:44db35a9e15d6fe5c40d74952e803b1d96e964f683b5a78c3cc64eb177878155"},
    {file = "aiohttp-3.8.1-cp38-cp38-musllinux_1_1_x86_64.whl", hash = "sha256:844a9b460871ee0a0b0b68a64890dae9c415e513db0f4a7e3cab41a0f2fedf33"},
    {file = "aiohttp-3.8.1-cp38-cp38-win32.whl", hash = "sha256:7d08744e9bae2ca9c382581f7dce1273fe3c9bae94ff572c3626e8da5b193c6a"},
    {file = "aiohttp-3.8.1-cp38-cp38-win_amd64.whl", hash = "sha256:04d48b8ce6ab3cf2097b1855e1505181bdd05586ca275f2505514a6e274e8e75"},
    {file = "aiohttp-3.8.1-cp39-cp39-macosx_10_9_universal2.whl", hash = "sha256:f5315a2eb0239185af1bddb1abf472d877fede3cc8d143c6cddad37678293237"},
    {file = "aiohttp-3.8.1-cp39-cp39-macosx_10_9_x86_64.whl", hash = "sha256:a996d01ca39b8dfe77440f3cd600825d05841088fd6bc0144cc6c2ec14cc5f74"},
    {file = "aiohttp-3.8.1-cp39-cp39-macosx_11_0_arm64.whl", hash = "sha256:13487abd2f761d4be7c8ff9080de2671e53fff69711d46de703c310c4c9317ca"},
    {file = "aiohttp-3.8.1-cp39-cp39-manylinux_2_17_aarch64.manylinux2014_aarch64.whl", hash = "sha256:ea302f34477fda3f85560a06d9ebdc7fa41e82420e892fc50b577e35fc6a50b2"},
    {file = "aiohttp-3.8.1-cp39-cp39-manylinux_2_17_ppc64le.manylinux2014_ppc64le.whl", hash = "sha256:a2f635ce61a89c5732537a7896b6319a8fcfa23ba09bec36e1b1ac0ab31270d2"},
    {file = "aiohttp-3.8.1-cp39-cp39-manylinux_2_17_s390x.manylinux2014_s390x.whl", hash = "sha256:e999f2d0e12eea01caeecb17b653f3713d758f6dcc770417cf29ef08d3931421"},
    {file = "aiohttp-3.8.1-cp39-cp39-manylinux_2_5_i686.manylinux1_i686.manylinux_2_12_i686.manylinux2010_i686.whl", hash = "sha256:0770e2806a30e744b4e21c9d73b7bee18a1cfa3c47991ee2e5a65b887c49d5cf"},
    {file = "aiohttp-3.8.1-cp39-cp39-manylinux_2_5_x86_64.manylinux1_x86_64.manylinux_2_12_x86_64.manylinux2010_x86_64.whl", hash = "sha256:d15367ce87c8e9e09b0f989bfd72dc641bcd04ba091c68cd305312d00962addd"},
    {file = "aiohttp-3.8.1-cp39-cp39-musllinux_1_1_aarch64.whl", hash = "sha256:6c7cefb4b0640703eb1069835c02486669312bf2f12b48a748e0a7756d0de33d"},
    {file = "aiohttp-3.8.1-cp39-cp39-musllinux_1_1_i686.whl", hash = "sha256:71927042ed6365a09a98a6377501af5c9f0a4d38083652bcd2281a06a5976724"},
    {file = "aiohttp-3.8.1-cp39-cp39-musllinux_1_1_ppc64le.whl", hash = "sha256:28d490af82bc6b7ce53ff31337a18a10498303fe66f701ab65ef27e143c3b0ef"},
    {file = "aiohttp-3.8.1-cp39-cp39-musllinux_1_1_s390x.whl", hash = "sha256:b6613280ccedf24354406caf785db748bebbddcf31408b20c0b48cb86af76866"},
    {file = "aiohttp-3.8.1-cp39-cp39-musllinux_1_1_x86_64.whl", hash = "sha256:81e3d8c34c623ca4e36c46524a3530e99c0bc95ed068fd6e9b55cb721d408fb2"},
    {file = "aiohttp-3.8.1-cp39-cp39-win32.whl", hash = "sha256:7187a76598bdb895af0adbd2fb7474d7f6025d170bc0a1130242da817ce9e7d1"},
    {file = "aiohttp-3.8.1-cp39-cp39-win_amd64.whl", hash = "sha256:1c182cb873bc91b411e184dab7a2b664d4fea2743df0e4d57402f7f3fa644bac"},
    {file = "aiohttp-3.8.1.tar.gz", hash = "sha256:fc5471e1a54de15ef71c1bc6ebe80d4dc681ea600e68bfd1cbce40427f0b7578"},
]
aioitertools = [
    {file = "aioitertools-0.10.0-py3-none-any.whl", hash = "sha256:a2ea2a39ebf272a2fbb58bfdb73e1daeeb6686edbbc8082215dfc8b8ffffa6e8"},
    {file = "aioitertools-0.10.0.tar.gz", hash = "sha256:7d1d1d4a03d462c5a0840787d3df098f125847e0d38b833b30f8f8cbc45a1420"},
]
aiosignal = [
    {file = "aiosignal-1.2.0-py3-none-any.whl", hash = "sha256:26e62109036cd181df6e6ad646f91f0dcfd05fe16d0cb924138ff2ab75d64e3a"},
    {file = "aiosignal-1.2.0.tar.gz", hash = "sha256:78ed67db6c7b7ced4f98e495e572106d5c432a93e1ddd1bf475e1dc05f5b7df2"},
]
appnope = []
async-timeout = [
    {file = "async-timeout-4.0.2.tar.gz", hash = "sha256:2163e1640ddb52b7a8c80d0a67a08587e5d245cc9c553a74a847056bc2976b15"},
    {file = "async_timeout-4.0.2-py3-none-any.whl", hash = "sha256:8ca1e4fcf50d07413d66d1a5e416e42cfdf5851c981d679a09851a6853383b3c"},
]
attrs = []
backcall = [
    {file = "backcall-0.2.0-py2.py3-none-any.whl", hash = "sha256:fbbce6a29f263178a1f7915c1940bde0ec2b2a967566fe1c65c1dfb7422bd255"},
    {file = "backcall-0.2.0.tar.gz", hash = "sha256:5cbdbf27be5e7cfadb448baf0aa95508f91f2bbc6c6437cd9cd06e2a4c215e1e"},
]
charset-normalizer = [
    {file = "charset-normalizer-2.1.1.tar.gz", hash = "sha256:5a3d016c7c547f69d6f81fb0db9449ce888b418b5b9952cc5e6e66843e9dd845"},
    {file = "charset_normalizer-2.1.1-py3-none-any.whl", hash = "sha256:83e9a75d1911279afd89352c68b45348559d1fc0506b054b346651b5e7fee29f"},
]
colorama = []
dblpy = [
    {file = "dblpy-0.4.0-py3-none-any.whl", hash = "sha256:2d7d746ee7e7b3a2597f485ebf4089e7baabdcf1717743228991bd988c69e1b5"},
    {file = "dblpy-0.4.0.tar.gz", hash = "sha256:744f5ee9493a945e5907466754b2dce4735715b34daabb9e6264f76ec79818c9"},
]
decorator = []
"discord.py" = [
    {file = "discord.py-2.0.0-py3-none-any.whl", hash = "sha256:18b06870bdc85d29e0d55f4a4b2abe9d7cdae2b197e23d49f82886ba27ba1aec"},
    {file = "discord.py-2.0.0.tar.gz", hash = "sha256:c36f26935938194c3465c2abf8ecfbbf5560c50b189f1b746d6f00d1e78c0d3b"},
]
dnspython = [
    {file = "dnspython-2.2.1-py3-none-any.whl", hash = "sha256:a851e51367fb93e9e1361732c1d60dab63eff98712e503ea7d92e6eccb109b4f"},
    {file = "dnspython-2.2.1.tar.gz", hash = "sha256:0f7569a4a6ff151958b64304071d370daa3243d15941a7beedf0c9fe5105603e"},
]
emojis = [
    {file = "emojis-0.6.0-py3-none-any.whl", hash = "sha256:7da34c8a78ae262fd68cef9e2c78a3c1feb59784489eeea0f54ba1d4b7111c7c"},
    {file = "emojis-0.6.0.tar.gz", hash = "sha256:bf605d1f1a27a81cd37fe82eb65781c904467f569295a541c33710b97e4225ec"},
]
environs = []
frozenlist = [
    {file = "frozenlist-1.3.1-cp310-cp310-macosx_10_9_universal2.whl", hash = "sha256:5f271c93f001748fc26ddea409241312a75e13466b06c94798d1a341cf0e6989"},
    {file = "frozenlist-1.3.1-cp310-cp310-macosx_10_9_x86_64.whl", hash = "sha256:9c6ef8014b842f01f5d2b55315f1af5cbfde284eb184075c189fd657c2fd8204"},
    {file = "frozenlist-1.3.1-cp310-cp310-macosx_11_0_arm64.whl", hash = "sha256:219a9676e2eae91cb5cc695a78b4cb43d8123e4160441d2b6ce8d2c70c60e2f3"},
    {file = "frozenlist-1.3.1-cp310-cp310-manylinux_2_17_aarch64.manylinux2014_aarch64.whl", hash = "sha256:b47d64cdd973aede3dd71a9364742c542587db214e63b7529fbb487ed67cddd9"},
    {file = "frozenlist-1.3.1-cp310-cp310-manylinux_2_17_ppc64le.manylinux2014_ppc64le.whl", hash = "sha256:2af6f7a4e93f5d08ee3f9152bce41a6015b5cf87546cb63872cc19b45476e98a"},
    {file = "frozenlist-1.3.1-cp310-cp310-manylinux_2_17_s390x.manylinux2014_s390x.whl", hash = "sha256:a718b427ff781c4f4e975525edb092ee2cdef6a9e7bc49e15063b088961806f8"},
    {file = "frozenlist-1.3.1-cp310-cp310-manylinux_2_5_i686.manylinux1_i686.manylinux_2_17_i686.manylinux2014_i686.whl", hash = "sha256:c56c299602c70bc1bb5d1e75f7d8c007ca40c9d7aebaf6e4ba52925d88ef826d"},
    {file = "frozenlist-1.3.1-cp310-cp310-manylinux_2_5_x86_64.manylinux1_x86_64.manylinux_2_17_x86_64.manylinux2014_x86_64.whl", hash = "sha256:717470bfafbb9d9be624da7780c4296aa7935294bd43a075139c3d55659038ca"},
    {file = "frozenlist-1.3.1-cp310-cp310-musllinux_1_1_aarch64.whl", hash = "sha256:31b44f1feb3630146cffe56344704b730c33e042ffc78d21f2125a6a91168131"},
    {file = "frozenlist-1.3.1-cp310-cp310-musllinux_1_1_i686.whl", hash = "sha256:c3b31180b82c519b8926e629bf9f19952c743e089c41380ddca5db556817b221"},
    {file = "frozenlist-1.3.1-cp310-cp310-musllinux_1_1_ppc64le.whl", hash = "sha256:d82bed73544e91fb081ab93e3725e45dd8515c675c0e9926b4e1f420a93a6ab9"},
    {file = "frozenlist-1.3.1-cp310-cp310-musllinux_1_1_s390x.whl", hash = "sha256:49459f193324fbd6413e8e03bd65789e5198a9fa3095e03f3620dee2f2dabff2"},
    {file = "frozenlist-1.3.1-cp310-cp310-musllinux_1_1_x86_64.whl", hash = "sha256:94e680aeedc7fd3b892b6fa8395b7b7cc4b344046c065ed4e7a1e390084e8cb5"},
    {file = "frozenlist-1.3.1-cp310-cp310-win32.whl", hash = "sha256:fabb953ab913dadc1ff9dcc3a7a7d3dc6a92efab3a0373989b8063347f8705be"},
    {file = "frozenlist-1.3.1-cp310-cp310-win_amd64.whl", hash = "sha256:eee0c5ecb58296580fc495ac99b003f64f82a74f9576a244d04978a7e97166db"},
    {file = "frozenlist-1.3.1-cp37-cp37m-macosx_10_9_x86_64.whl", hash = "sha256:0bc75692fb3770cf2b5856a6c2c9de967ca744863c5e89595df64e252e4b3944"},
    {file = "frozenlist-1.3.1-cp37-cp37m-manylinux_2_17_aarch64.manylinux2014_aarch64.whl", hash = "sha256:086ca1ac0a40e722d6833d4ce74f5bf1aba2c77cbfdc0cd83722ffea6da52a04"},
    {file = "frozenlist-1.3.1-cp37-cp37m-manylinux_2_17_ppc64le.manylinux2014_ppc64le.whl", hash = "sha256:1b51eb355e7f813bcda00276b0114c4172872dc5fb30e3fea059b9367c18fbcb"},
    {file = "frozenlist-1.3.1-cp37-cp37m-manylinux_2_17_s390x.manylinux2014_s390x.whl", hash = "sha256:74140933d45271c1a1283f708c35187f94e1256079b3c43f0c2267f9db5845ff"},
    {file = "frozenlist-1.3.1-cp37-cp37m-manylinux_2_5_i686.manylinux1_i686.manylinux_2_17_i686.manylinux2014_i686.whl", hash = "sha256:ee4c5120ddf7d4dd1eaf079af3af7102b56d919fa13ad55600a4e0ebe532779b"},
    {file = "frozenlist-1.3.1-cp37-cp37m-manylinux_2_5_x86_64.manylinux1_x86_64.manylinux_2_17_x86_64.manylinux2014_x86_64.whl", hash = "sha256:97d9e00f3ac7c18e685320601f91468ec06c58acc185d18bb8e511f196c8d4b2"},
    {file = "frozenlist-1.3.1-cp37-cp37m-musllinux_1_1_aarch64.whl", hash = "sha256:6e19add867cebfb249b4e7beac382d33215d6d54476bb6be46b01f8cafb4878b"},
    {file = "frozenlist-1.3.1-cp37-cp37m-musllinux_1_1_i686.whl", hash = "sha256:a027f8f723d07c3f21963caa7d585dcc9b089335565dabe9c814b5f70c52705a"},
    {file = "frozenlist-1.3.1-cp37-cp37m-musllinux_1_1_ppc64le.whl", hash = "sha256:61d7857950a3139bce035ad0b0945f839532987dfb4c06cfe160254f4d19df03"},
    {file = "frozenlist-1.3.1-cp37-cp37m-musllinux_1_1_s390x.whl", hash = "sha256:53b2b45052e7149ee8b96067793db8ecc1ae1111f2f96fe1f88ea5ad5fd92d10"},
    {file = "frozenlist-1.3.1-cp37-cp37m-musllinux_1_1_x86_64.whl", hash = "sha256:bbb1a71b1784e68870800b1bc9f3313918edc63dbb8f29fbd2e767ce5821696c"},
    {file = "frozenlist-1.3.1-cp37-cp37m-win32.whl", hash = "sha256:ab6fa8c7871877810e1b4e9392c187a60611fbf0226a9e0b11b7b92f5ac72792"},
    {file = "frozenlist-1.3.1-cp37-cp37m-win_amd64.whl", hash = "sha256:f89139662cc4e65a4813f4babb9ca9544e42bddb823d2ec434e18dad582543bc"},
    {file = "frozenlist-1.3.1-cp38-cp38-macosx_10_9_universal2.whl", hash = "sha256:4c0c99e31491a1d92cde8648f2e7ccad0e9abb181f6ac3ddb9fc48b63301808e"},
    {file = "frozenlist-1.3.1-cp38-cp38-macosx_10_9_x86_64.whl", hash = "sha256:61e8cb51fba9f1f33887e22488bad1e28dd8325b72425f04517a4d285a04c519"},
    {file = "frozenlist-1.3.1-cp38-cp38-macosx_11_0_arm64.whl", hash = "sha256:cc2f3e368ee5242a2cbe28323a866656006382872c40869b49b265add546703f"},
    {file = "frozenlist-1.3.1-cp38-cp38-manylinux_2_17_aarch64.manylinux2014_aarch64.whl", hash = "sha256:58fb94a01414cddcdc6839807db77ae8057d02ddafc94a42faee6004e46c9ba8"},
    {file = "frozenlist-1.3.1-cp38-cp38-manylinux_2_17_ppc64le.manylinux2014_ppc64le.whl", hash = "sha256:022178b277cb9277d7d3b3f2762d294f15e85cd2534047e68a118c2bb0058f3e"},
    {file = "frozenlist-1.3.1-cp38-cp38-manylinux_2_17_s390x.manylinux2014_s390x.whl", hash = "sha256:572ce381e9fe027ad5e055f143763637dcbac2542cfe27f1d688846baeef5170"},
    {file = "frozenlist-1.3.1-cp38-cp38-manylinux_2_5_i686.manylinux1_i686.manylinux_2_17_i686.manylinux2014_i686.whl", hash = "sha256:19127f8dcbc157ccb14c30e6f00392f372ddb64a6ffa7106b26ff2196477ee9f"},
    {file = "frozenlist-1.3.1-cp38-cp38-manylinux_2_5_x86_64.manylinux1_x86_64.manylinux_2_17_x86_64.manylinux2014_x86_64.whl", hash = "sha256:42719a8bd3792744c9b523674b752091a7962d0d2d117f0b417a3eba97d1164b"},
    {file = "frozenlist-1.3.1-cp38-cp38-musllinux_1_1_aarch64.whl", hash = "sha256:2743bb63095ef306041c8f8ea22bd6e4d91adabf41887b1ad7886c4c1eb43d5f"},
    {file = "frozenlist-1.3.1-cp38-cp38-musllinux_1_1_i686.whl", hash = "sha256:fa47319a10e0a076709644a0efbcaab9e91902c8bd8ef74c6adb19d320f69b83"},
    {file = "frozenlist-1.3.1-cp38-cp38-musllinux_1_1_ppc64le.whl", hash = "sha256:52137f0aea43e1993264a5180c467a08a3e372ca9d378244c2d86133f948b26b"},
    {file = "frozenlist-1.3.1-cp38-cp38-musllinux_1_1_s390x.whl", hash = "sha256:f5abc8b4d0c5b556ed8cd41490b606fe99293175a82b98e652c3f2711b452988"},
    {file = "frozenlist-1.3.1-cp38-cp38-musllinux_1_1_x86_64.whl", hash = "sha256:1e1cf7bc8cbbe6ce3881863671bac258b7d6bfc3706c600008925fb799a256e2"},
    {file = "frozenlist-1.3.1-cp38-cp38-win32.whl", hash = "sha256:0dde791b9b97f189874d654c55c24bf7b6782343e14909c84beebd28b7217845"},
    {file = "frozenlist-1.3.1-cp38-cp38-win_amd64.whl", hash = "sha256:9494122bf39da6422b0972c4579e248867b6b1b50c9b05df7e04a3f30b9a413d"},
    {file = "frozenlist-1.3.1-cp39-cp39-macosx_10_9_universal2.whl", hash = "sha256:31bf9539284f39ff9398deabf5561c2b0da5bb475590b4e13dd8b268d7a3c5c1"},
    {file = "frozenlist-1.3.1-cp39-cp39-macosx_10_9_x86_64.whl", hash = "sha256:e0c8c803f2f8db7217898d11657cb6042b9b0553a997c4a0601f48a691480fab"},
    {file = "frozenlist-1.3.1-cp39-cp39-macosx_11_0_arm64.whl", hash = "sha256:da5ba7b59d954f1f214d352308d1d86994d713b13edd4b24a556bcc43d2ddbc3"},
    {file = "frozenlist-1.3.1-cp39-cp39-manylinux_2_17_aarch64.manylinux2014_aarch64.whl", hash = "sha256:74e6b2b456f21fc93ce1aff2b9728049f1464428ee2c9752a4b4f61e98c4db96"},
    {file = "frozenlist-1.3.1-cp39-cp39-manylinux_2_17_ppc64le.manylinux2014_ppc64le.whl", hash = "sha256:526d5f20e954d103b1d47232e3839f3453c02077b74203e43407b962ab131e7b"},
    {file = "frozenlist-1.3.1-cp39-cp39-manylinux_2_17_s390x.manylinux2014_s390x.whl", hash = "sha256:b499c6abe62a7a8d023e2c4b2834fce78a6115856ae95522f2f974139814538c"},
    {file = "frozenlist-1.3.1-cp39-cp39-manylinux_2_5_i686.manylinux1_i686.manylinux_2_17_i686.manylinux2014_i686.whl", hash = "sha256:ab386503f53bbbc64d1ad4b6865bf001414930841a870fc97f1546d4d133f141"},
    {file = "frozenlist-1.3.1-cp39-cp39-manylinux_2_5_x86_64.manylinux1_x86_64.manylinux_2_17_x86_64.manylinux2014_x86_64.whl", hash = "sha256:5f63c308f82a7954bf8263a6e6de0adc67c48a8b484fab18ff87f349af356efd"},
    {file = "frozenlist-1.3.1-cp39-cp39-musllinux_1_1_aarch64.whl", hash = "sha256:12607804084d2244a7bd4685c9d0dca5df17a6a926d4f1967aa7978b1028f89f"},
    {file = "frozenlist-1.3.1-cp39-cp39-musllinux_1_1_i686.whl", hash = "sha256:da1cdfa96425cbe51f8afa43e392366ed0b36ce398f08b60de6b97e3ed4affef"},
    {file = "frozenlist-1.3.1-cp39-cp39-musllinux_1_1_ppc64le.whl", hash = "sha256:f810e764617b0748b49a731ffaa525d9bb36ff38332411704c2400125af859a6"},
    {file = "frozenlist-1.3.1-cp39-cp39-musllinux_1_1_s390x.whl", hash = "sha256:35c3d79b81908579beb1fb4e7fcd802b7b4921f1b66055af2578ff7734711cfa"},
    {file = "frozenlist-1.3.1-cp39-cp39-musllinux_1_1_x86_64.whl", hash = "sha256:c92deb5d9acce226a501b77307b3b60b264ca21862bd7d3e0c1f3594022f01bc"},
    {file = "frozenlist-1.3.1-cp39-cp39-win32.whl", hash = "sha256:5e77a8bd41e54b05e4fb2708dc6ce28ee70325f8c6f50f3df86a44ecb1d7a19b"},
    {file = "frozenlist-1.3.1-cp39-cp39-win_amd64.whl", hash = "sha256:625d8472c67f2d96f9a4302a947f92a7adbc1e20bedb6aff8dbc8ff039ca6189"},
    {file = "frozenlist-1.3.1.tar.gz", hash = "sha256:3a735e4211a04ccfa3f4833547acdf5d2f863bfeb01cfd3edaffbc251f15cec8"},
]
idna = []
ipython = [
    {file = "ipython-7.13.0-py3-none-any.whl", hash = "sha256:eb8d075de37f678424527b5ef6ea23f7b80240ca031c2dd6de5879d687a65333"},
    {file = "ipython-7.13.0.tar.gz", hash = "sha256:ca478e52ae1f88da0102360e57e528b92f3ae4316aabac80a2cd7f7ab2efb48a"},
]
jedi = []
marshmallow = []
motor = [
    {file = "motor-3.0.0-py3-none-any.whl", hash = "sha256:b076de44970f518177f0eeeda8b183f52eafa557775bfe3294e93bda18867a71"},
    {file = "motor-3.0.0.tar.gz", hash = "sha256:3e36d29406c151b61342e6a8fa5e90c00c4723b76e30f11276a4373ea2064b7d"},
]
multidict = []
nest-asyncio = [
    {file = "nest_asyncio-1.5.5-py3-none-any.whl", hash = "sha256:b98e3ec1b246135e4642eceffa5a6c23a3ab12c82ff816a92c612d68205813b2"},
    {file = "nest_asyncio-1.5.5.tar.gz", hash = "sha256:e442291cd942698be619823a17a86a5759eabe1f8613084790de189fe9e16d65"},
]
packaging = []
parso = []
pexpect = [
    {file = "pexpect-4.8.0-py2.py3-none-any.whl", hash = "sha256:0b48a55dcb3c05f3329815901ea4fc1537514d6ba867a152b581d69ae3710937"},
    {file = "pexpect-4.8.0.tar.gz", hash = "sha256:fc65a43959d153d0114afe13997d439c22823a27cefceb5ff35c2178c6784c0c"},
]
pickleshare = [
    {file = "pickleshare-0.7.5-py2.py3-none-any.whl", hash = "sha256:9649af414d74d4df115d5d718f82acb59c9d418196b7b4290ed47a12ce62df56"},
    {file = "pickleshare-0.7.5.tar.gz", hash = "sha256:87683d47965c1da65cdacaf31c8441d12b8044cdec9aca500cd78fc2c683afca"},
]
prompt-toolkit = []
ptyprocess = []
pygments = []
pymongo = [
    {file = "pymongo-4.2.0-cp310-cp310-macosx_10_9_universal2.whl", hash = "sha256:1c81414b706627f15e921e29ae2403aab52e33e36ed92ed989c602888d7c3b90"},
    {file = "pymongo-4.2.0-cp310-cp310-manylinux1_i686.whl", hash = "sha256:c549bb519456ee230e92f415c5b4d962094caac0fdbcc4ed22b576f66169764e"},
    {file = "pymongo-4.2.0-cp310-cp310-manylinux2014_aarch64.whl", hash = "sha256:70216ec4c248213ae95ea499b6314c385ce01a5946c448fb22f6c8395806e740"},
    {file = "pymongo-4.2.0-cp310-cp310-manylinux2014_i686.whl", hash = "sha256:8a86e8c2ac2ec87141e1c6cb00bdb18a4560f06e5f96769abcd1dda24dc0e764"},
    {file = "pymongo-4.2.0-cp310-cp310-manylinux2014_ppc64le.whl", hash = "sha256:314b556afd72eb21a6a10bd1f45ef252509f014f80207db59c97372103c88237"},
    {file = "pymongo-4.2.0-cp310-cp310-manylinux2014_s390x.whl", hash = "sha256:902e2c9030cb042c49750bc70d72d830d42c64ea0df5ff8630c171e065c93dd7"},
    {file = "pymongo-4.2.0-cp310-cp310-manylinux2014_x86_64.whl", hash = "sha256:c69ef5906dcd6ec565d4d887ba97ceb2a84f3b614307ee3b4780cb1ea40b1867"},
    {file = "pymongo-4.2.0-cp310-cp310-manylinux_2_17_aarch64.manylinux2014_aarch64.whl", hash = "sha256:07564178ecc203a84f63e72972691af6c0c82d2dc0c9da66ba711695276089ba"},
    {file = "pymongo-4.2.0-cp310-cp310-manylinux_2_17_ppc64le.manylinux2014_ppc64le.whl", hash = "sha256:f47d5f10922cf7f7dfcd1406bd0926cef6d866a75953c3745502dffd7ac197dd"},
    {file = "pymongo-4.2.0-cp310-cp310-manylinux_2_17_s390x.manylinux2014_s390x.whl", hash = "sha256:4cadaaa5c19ad23fc84559e90284f2eb003c36958ebb2c06f286b678f441285f"},
    {file = "pymongo-4.2.0-cp310-cp310-manylinux_2_17_x86_64.manylinux2014_x86_64.whl", hash = "sha256:d94f535df9f539615bc3dbbef185ded3b609373bb44ca1afffcabac70202678a"},
    {file = "pymongo-4.2.0-cp310-cp310-manylinux_2_5_i686.manylinux1_i686.manylinux_2_17_i686.manylinux2014_i686.whl", hash = "sha256:147a23cd96feb67606ac957744d8d25b013426cdc3c7164a4f99bd8253f649e3"},
    {file = "pymongo-4.2.0-cp310-cp310-win32.whl", hash = "sha256:ecdcb0d4e9b08b739035f57a09330efc6f464bd7f942b63897395d996ca6ebd5"},
    {file = "pymongo-4.2.0-cp310-cp310-win_amd64.whl", hash = "sha256:8c223aea52c359cc8fdee5bd3475532590755c269ec4d4fe581acd47a44e9952"},
    {file = "pymongo-4.2.0-cp37-cp37m-macosx_10_6_intel.whl", hash = "sha256:fe0820d169635e41c14a5d21514282e0b93347878666ec9d5d3bf0eed0649948"},
    {file = "pymongo-4.2.0-cp37-cp37m-manylinux1_i686.whl", hash = "sha256:e39cacee70a98758f9b2da53ee175378f07c60113b1fa4fae40cbaee5583181e"},
    {file = "pymongo-4.2.0-cp37-cp37m-manylinux1_x86_64.whl", hash = "sha256:701d331060dae72bf3ebdb82924405d14136a69282ccb00c89fc69dee21340b4"},
    {file = "pymongo-4.2.0-cp37-cp37m-manylinux2014_aarch64.whl", hash = "sha256:e08fe1731f5429435b8dea1db9663f9ed1812915ff803fc9991c7c4841ed62ad"},
    {file = "pymongo-4.2.0-cp37-cp37m-manylinux2014_i686.whl", hash = "sha256:60c470a58c5b62b1b12a5f5458f8e2f2f67b94e198d03dc5352f854d9230c394"},
    {file = "pymongo-4.2.0-cp37-cp37m-manylinux2014_ppc64le.whl", hash = "sha256:b211e161b6cc2790e0d640ad38e0429d06c944e5da23410f4dc61809dba25095"},
    {file = "pymongo-4.2.0-cp37-cp37m-manylinux2014_s390x.whl", hash = "sha256:ed90a9de4431cbfb2f3b2ef0c5fd356e61c85117b2be4db3eae28cb409f6e2d5"},
    {file = "pymongo-4.2.0-cp37-cp37m-manylinux2014_x86_64.whl", hash = "sha256:68e1e49a5675748233f7b05330f092582cd52f2850b4244939fd75ba640593ed"},
    {file = "pymongo-4.2.0-cp37-cp37m-manylinux_2_17_aarch64.manylinux2014_aarch64.whl", hash = "sha256:764fc15418d94bce5c2f8ebdbf66544f96f42efb1364b61e715e5b33281b388d"},
    {file = "pymongo-4.2.0-cp37-cp37m-manylinux_2_17_ppc64le.manylinux2014_ppc64le.whl", hash = "sha256:e64442aba81ed4df1ca494b87bf818569a1280acaa73071c68014f7a884e83f1"},
    {file = "pymongo-4.2.0-cp37-cp37m-manylinux_2_17_s390x.manylinux2014_s390x.whl", hash = "sha256:83168126ae2457d1a19b2af665cafa7ef78c2dcff192d7d7b5dad6b36c73ae24"},
    {file = "pymongo-4.2.0-cp37-cp37m-manylinux_2_17_x86_64.manylinux2014_x86_64.whl", hash = "sha256:69d0180bca594e81cdb4a2af328bdb4046f59e10aaeef7619496fe64f2ec918c"},
    {file = "pymongo-4.2.0-cp37-cp37m-manylinux_2_5_i686.manylinux1_i686.manylinux_2_17_i686.manylinux2014_i686.whl", hash = "sha256:80cbf0b043061451660099fff9001a7faacb2c9c983842b4819526e2f944dc6c"},
    {file = "pymongo-4.2.0-cp37-cp37m-manylinux_2_5_i686.manylinux1_i686.whl", hash = "sha256:e1b8f5e2f9637492b0da4d51f78ecb17786e61d6c461ead8542c944750faf4f9"},
    {file = "pymongo-4.2.0-cp37-cp37m-manylinux_2_5_x86_64.manylinux1_x86_64.whl", hash = "sha256:1a957cdc2b26eeed4d8f1889a40c6023dd1bd94672dd0f5ce327314f2caaefd4"},
    {file = "pymongo-4.2.0-cp37-cp37m-win32.whl", hash = "sha256:6bd5888997ea3eae9830c6cc7964b61dcfbc50eb3a5a6ce56ad5f86d5579b11c"},
    {file = "pymongo-4.2.0-cp37-cp37m-win_amd64.whl", hash = "sha256:dc24737d24ce0de762bee9c2a884639819485f679bbac8ab5be9c161ef6f9b2c"},
    {file = "pymongo-4.2.0-cp38-cp38-macosx_10_9_x86_64.whl", hash = "sha256:193cc97d44b1e6d2253ea94e30c6f94f994efb7166e2452af4df55825266e88b"},
    {file = "pymongo-4.2.0-cp38-cp38-manylinux1_i686.whl", hash = "sha256:e152c26ffc30331e9d57591fc4c05453c209aa20ba299d1deb7173f7d1958c22"},
    {file = "pymongo-4.2.0-cp38-cp38-manylinux1_x86_64.whl", hash = "sha256:8a9bc4dcfc2bda69ee88cdb7a89b03f2b8eca668519b704384a264dea2db4209"},
    {file = "pymongo-4.2.0-cp38-cp38-manylinux2014_aarch64.whl", hash = "sha256:8cbb868e88c4eee1c53364bb343d226a3c0e959e791e6828030cb78f46cfcbe3"},
    {file = "pymongo-4.2.0-cp38-cp38-manylinux2014_i686.whl", hash = "sha256:2bfe6b59f431f40fa545547616f4acf0c0c4b64518b1f951083e3bad06eb368b"},
    {file = "pymongo-4.2.0-cp38-cp38-manylinux2014_ppc64le.whl", hash = "sha256:ff66014687598823b6b23751884b4aa67eb934445406d95894dfc60cb7bfcc18"},
    {file = "pymongo-4.2.0-cp38-cp38-manylinux2014_s390x.whl", hash = "sha256:31c50da4a080166bc29403aa91f4c76e0889b4f24928d1b60508a37c1bf87f9a"},
    {file = "pymongo-4.2.0-cp38-cp38-manylinux2014_x86_64.whl", hash = "sha256:ccfdc7722df445c49dc6b5d514c3544cad99b53189165f7546793933050ac7fb"},
    {file = "pymongo-4.2.0-cp38-cp38-manylinux_2_17_aarch64.manylinux2014_aarch64.whl", hash = "sha256:cc7ebc37b03956a070260665079665eae69e5e96007694214f3a2107af96816a"},
    {file = "pymongo-4.2.0-cp38-cp38-manylinux_2_17_ppc64le.manylinux2014_ppc64le.whl", hash = "sha256:c8b4a782aac43948308087b962c9ecb030ba98886ce6dee3ad7aafe8c5e1ce80"},
    {file = "pymongo-4.2.0-cp38-cp38-manylinux_2_17_s390x.manylinux2014_s390x.whl", hash = "sha256:f1c23527f8e13f526fededbb96f2e7888f179fe27c51d41c2724f7059b75b2fa"},
    {file = "pymongo-4.2.0-cp38-cp38-manylinux_2_17_x86_64.manylinux2014_x86_64.whl", hash = "sha256:83cc3c35aeeceb67143914db67f685206e1aa37ea837d872f4bc28d7f80917c9"},
    {file = "pymongo-4.2.0-cp38-cp38-manylinux_2_5_i686.manylinux1_i686.manylinux_2_17_i686.manylinux2014_i686.whl", hash = "sha256:e09cdf5aad507c8faa30d97884cc42932ed3a9c2b7f22cc3ccc607bae03981b3"},
    {file = "pymongo-4.2.0-cp38-cp38-manylinux_2_5_i686.manylinux1_i686.whl", hash = "sha256:0f53253f4777cbccc426e669a2af875f26c95bd090d88593287b9a0a8ac7fa25"},
    {file = "pymongo-4.2.0-cp38-cp38-manylinux_2_5_x86_64.manylinux1_x86_64.whl", hash = "sha256:21238b19243a42f9a34a6d39e7580ceebc6da6d2f3cf729c1cff9023cb61a5f1"},
    {file = "pymongo-4.2.0-cp38-cp38-win32.whl", hash = "sha256:766acb5b1a19eae0f7467bcd3398748f110ea5309cdfc59faa5185dcc7fd4dca"},
    {file = "pymongo-4.2.0-cp38-cp38-win_amd64.whl", hash = "sha256:10f09c4f09757c2e2a707ad7304f5d69cb8fdf7cbfb644dbacfe5bbe8afe311b"},
    {file = "pymongo-4.2.0-cp39-cp39-macosx_10_9_x86_64.whl", hash = "sha256:a6bf01b9237f794fa3bdad5089474067d28be7e199b356a18d3f247a45775f26"},
    {file = "pymongo-4.2.0-cp39-cp39-manylinux1_i686.whl", hash = "sha256:d8bb745321716e7a11220a67c88212ecedde4021e1de4802e563baef9df921d2"},
    {file = "pymongo-4.2.0-cp39-cp39-manylinux1_x86_64.whl", hash = "sha256:3be53e9888e759c49ae35d747ff77a04ff82b894dd64601e0f3a5a159b406245"},
    {file = "pymongo-4.2.0-cp39-cp39-manylinux2014_aarch64.whl", hash = "sha256:a3efdf154844244e0dabe902cf1827fdced55fa5b144adec2a86e5ce50a99b97"},
    {file = "pymongo-4.2.0-cp39-cp39-manylinux2014_i686.whl", hash = "sha256:a7eb5b06744b911b6668b427c8abc71b6d624e72d3dfffed00988fa1b4340f97"},
    {file = "pymongo-4.2.0-cp39-cp39-manylinux2014_ppc64le.whl", hash = "sha256:b0be613d926c5dbb0d3fc6b58e4f2be4979f80ae76fda6e47309f011b388fe0c"},
    {file = "pymongo-4.2.0-cp39-cp39-manylinux2014_s390x.whl", hash = "sha256:e7dcb73f683c155885a3488646fcead3a895765fed16e93c9b80000bc69e96cb"},
    {file = "pymongo-4.2.0-cp39-cp39-manylinux2014_x86_64.whl", hash = "sha256:b537dd282de1b53d9ae7cf9f3df36420c8618390f2da92100391f3ba8f3c141a"},
    {file = "pymongo-4.2.0-cp39-cp39-manylinux_2_17_aarch64.manylinux2014_aarch64.whl", hash = "sha256:d98d2a8283c9928a9e5adf2f3c0181e095579e9732e1613aaa55d386e2bcb6c5"},
    {file = "pymongo-4.2.0-cp39-cp39-manylinux_2_17_ppc64le.manylinux2014_ppc64le.whl", hash = "sha256:76892bbce743eb9f90360b3626ea92f13d338010a1004b4488e79e555b339921"},
    {file = "pymongo-4.2.0-cp39-cp39-manylinux_2_17_s390x.manylinux2014_s390x.whl", hash = "sha256:124d0e880b66f9b0778613198e89984984fdd37a3030a9007e5f459a42dfa2d3"},
    {file = "pymongo-4.2.0-cp39-cp39-manylinux_2_17_x86_64.manylinux2014_x86_64.whl", hash = "sha256:773467d25c293f8e981b092361dab5fd800e1ba318403b7959d35004c67faedc"},
    {file = "pymongo-4.2.0-cp39-cp39-manylinux_2_5_i686.manylinux1_i686.manylinux_2_17_i686.manylinux2014_i686.whl", hash = "sha256:6673ab3fbf3135cc1a8c0f70d480db5b2378c3a70af8d602f73f76b8338bdf97"},
    {file = "pymongo-4.2.0-cp39-cp39-manylinux_2_5_i686.manylinux1_i686.whl", hash = "sha256:153b8f8705970756226dfeeb7bb9637e0ad54a4d79b480b4c8244e34e16e1662"},
    {file = "pymongo-4.2.0-cp39-cp39-manylinux_2_5_x86_64.manylinux1_x86_64.whl", hash = "sha256:01721da74558f2f64a9f162ee063df403ed656b7d84229268d8e4ae99cfba59c"},
    {file = "pymongo-4.2.0-cp39-cp39-win32.whl", hash = "sha256:a25c0eb2d610b20e276e684be61c337396813b636b69373c17314283cb1a3b14"},
    {file = "pymongo-4.2.0-cp39-cp39-win_amd64.whl", hash = "sha256:44b36ccb90aac5ea50be23c1a6e8f24fbfc78afabdef114af16c6e0a80981364"},
    {file = "pymongo-4.2.0.tar.gz", hash = "sha256:72f338f6aabd37d343bd9d1fdd3de921104d395766bcc5cdc4039e4c2dd97766"},
]
pyparsing = []
python-dotenv = []
ratelimiter = [
    {file = "ratelimiter-1.2.0.post0-py3-none-any.whl", hash = "sha256:a52be07bc0bb0b3674b4b304550f10c769bbb00fead3072e035904474259809f"},
    {file = "ratelimiter-1.2.0.post0.tar.gz", hash = "sha256:5c395dcabdbbde2e5178ef3f89b568a3066454a6ddc223b76473dac22f89b4f7"},
]
traitlets = []
wcwidth = [
    {file = "wcwidth-0.2.5-py2.py3-none-any.whl", hash = "sha256:beb4802a9cebb9144e99086eff703a642a13d6a0052920003a230f3294bbe784"},
    {file = "wcwidth-0.2.5.tar.gz", hash = "sha256:c4d647b99872929fdb7bdcaa4fbe7f01413ed3d98077df798530e5b04f116c83"},
]
yarl = []
